
Microsoft Visual Studio Solution File, Format Version 12.00
# Visual Studio 15
Project("{FAE04EC0-301F-11D3-BF4B-00C04F79EFBC}") = "UnityEngine.TestRunner", "UnityEngine.TestRunner.csproj", "{F6423AF2-1849-9736-10EC-94FFB0EFF482}"
EndProject
Project("{FAE04EC0-301F-11D3-BF4B-00C04F79EFBC}") = "Unity.Mathematics", "Unity.Mathematics.csproj", "{C72CECA9-CDF1-48DE-668E-A8C090C183B9}"
EndProject
Project("{FAE04EC0-301F-11D3-BF4B-00C04F79EFBC}") = "Unity.2D.Animation.Triangle.Runtime", "Unity.2D.Animation.Triangle.Runtime.csproj", "{40BD2E0F-94F2-0C52-44D8-670D63FFD1A3}"
EndProject
Project("{FAE04EC0-301F-11D3-BF4B-00C04F79EFBC}") = "Unity.Timeline", "Unity.Timeline.csproj", "{6D2737B0-F9CF-87BE-7DAE-E45BEACC1CA8}"
EndProject
Project("{FAE04EC0-301F-11D3-BF4B-00C04F79EFBC}") = "UnityEngine.UI", "UnityEngine.UI.csproj", "{AC1C339C-A321-A0F8-1837-ACAC67E21157}"
EndProject
Project("{FAE04EC0-301F-11D3-BF4B-00C04F79EFBC}") = "Unity.TextMeshPro", "Unity.TextMeshPro.csproj", "{E8FEB479-F02A-8371-BAD7-35FB43FB0B45}"
EndProject
Project("{FAE04EC0-301F-11D3-BF4B-00C04F79EFBC}") = "Unity.2D.Animation.Runtime", "Unity.2D.Animation.Runtime.csproj", "{273FAD11-9329-FAE5-8C89-1FFC46B71A0E}"
EndProject
Project("{FAE04EC0-301F-11D3-BF4B-00C04F79EFBC}") = "Unity.2D.IK.Runtime", "Unity.2D.IK.Runtime.csproj", "{5AB2670E-DAD8-4394-4481-2FBA4AB206D7}"
EndProject
Project("{FAE04EC0-301F-11D3-BF4B-00C04F79EFBC}") = "Unity.2D.SpriteShape.Runtime", "Unity.2D.SpriteShape.Runtime.csproj", "{46F614AD-22F8-56CB-E069-3033169C243E}"
EndProject
Project("{FAE04EC0-301F-11D3-BF4B-00C04F79EFBC}") = "Assembly-CSharp", "Assembly-CSharp.csproj", "{589A4121-9C60-21C3-56BA-5A59F4D9FD0F}"
EndProject
Project("{FAE04EC0-301F-11D3-BF4B-00C04F79EFBC}") = "Unity.2D.PixelPerfect", "Unity.2D.PixelPerfect.csproj", "{738814AB-D42E-0175-AEA5-99105CE390E0}"
EndProject
Project("{FAE04EC0-301F-11D3-BF4B-00C04F79EFBC}") = "Unity.2D.Common.Runtime", "Unity.2D.Common.Runtime.csproj", "{38D2C730-EF83-E1B7-98D8-71713C8EE634}"
EndProject
Project("{FAE04EC0-301F-11D3-BF4B-00C04F79EFBC}") = "Unity.InternalAPIEngineBridge.001", "Unity.InternalAPIEngineBridge.001.csproj", "{F742D435-DF31-D91E-536D-436D364B8C54}"
EndProject
Project("{FAE04EC0-301F-11D3-BF4B-00C04F79EFBC}") = "UnityEditor.TestRunner", "UnityEditor.TestRunner.csproj", "{178A34CA-F7E0-6C92-0BC3-EF105F6BE0F8}"
EndProject
Project("{FAE04EC0-301F-11D3-BF4B-00C04F79EFBC}") = "Unity.PlasticSCM.Editor", "Unity.PlasticSCM.Editor.csproj", "{E4625AB7-1F1E-95F2-5416-AB354AA45697}"
EndProject
Project("{FAE04EC0-301F-11D3-BF4B-00C04F79EFBC}") = "UnityEditor.UI", "UnityEditor.UI.csproj", "{B2029274-E0E5-410F-D8B0-D198B66E9E43}"
EndProject
Project("{FAE04EC0-301F-11D3-BF4B-00C04F79EFBC}") = "Unity.Services.Core.Editor", "Unity.Services.Core.Editor.csproj", "{6450E956-027B-6825-BE30-339801087247}"
EndProject
Project("{FAE04EC0-301F-11D3-BF4B-00C04F79EFBC}") = "Unity.Timeline.Editor", "Unity.Timeline.Editor.csproj", "{BE127FC0-36B8-7A92-A45C-988BF4A31760}"
EndProject
Project("{FAE04EC0-301F-11D3-BF4B-00C04F79EFBC}") = "Unity.VisualStudio.Editor", "Unity.VisualStudio.Editor.csproj", "{23C2895A-BADE-5C52-478B-0F6C39AC7475}"
EndProject
Project("{FAE04EC0-301F-11D3-BF4B-00C04F79EFBC}") = "Unity.2D.Psdimporter.Editor", "Unity.2D.Psdimporter.Editor.csproj", "{80F9E5EA-C874-32CE-ED06-C3C16A2A382C}"
EndProject
Project("{FAE04EC0-301F-11D3-BF4B-00C04F79EFBC}") = "Unity.2D.Animation.Editor", "Unity.2D.Animation.Editor.csproj", "{FFE4292D-E577-A1FD-D0FA-39FB6578A1B9}"
EndProject
Project("{FAE04EC0-301F-11D3-BF4B-00C04F79EFBC}") = "Unity.TextMeshPro.Editor", "Unity.TextMeshPro.Editor.csproj", "{37772D6B-8B97-49C7-2595-3CEAE87E8570}"
EndProject
Project("{FAE04EC0-301F-11D3-BF4B-00C04F79EFBC}") = "Unity.2D.SpriteShape.Editor", "Unity.2D.SpriteShape.Editor.csproj", "{82B02CB0-BF74-E839-16ED-49671F5F50F5}"
EndProject
Project("{FAE04EC0-301F-11D3-BF4B-00C04F79EFBC}") = "Unity.CollabProxy.Editor", "Unity.CollabProxy.Editor.csproj", "{163743EC-9DE5-3B69-4A4A-5FD422213CD7}"
EndProject
Project("{FAE04EC0-301F-11D3-BF4B-00C04F79EFBC}") = "PsdPlugin", "PsdPlugin.csproj", "{B484D452-C6D2-BC8F-DBCA-20E592E6D4B0}"
EndProject
Project("{FAE04EC0-301F-11D3-BF4B-00C04F79EFBC}") = "Unity.2D.Path.Editor", "Unity.2D.Path.Editor.csproj", "{141BF456-2457-8E92-9FD8-405AF32F57FB}"
EndProject
Project("{FAE04EC0-301F-11D3-BF4B-00C04F79EFBC}") = "Unity.Rider.Editor", "Unity.Rider.Editor.csproj", "{687A6211-3434-E1DD-DF14-FE54EE3B4BE3}"
EndProject
Project("{FAE04EC0-301F-11D3-BF4B-00C04F79EFBC}") = "Unity.2D.IK.Editor", "Unity.2D.IK.Editor.csproj", "{AE64CB62-AA8D-5CFD-B8CE-D80568358FA9}"
EndProject
Project("{FAE04EC0-301F-11D3-BF4B-00C04F79EFBC}") = "Unity.2D.Sprite.Editor", "Unity.2D.Sprite.Editor.csproj", "{C2FB7CEB-3933-6E76-EB37-907497F7141C}"
EndProject
Project("{FAE04EC0-301F-11D3-BF4B-00C04F79EFBC}") = "Unity.2D.Tilemap.Editor", "Unity.2D.Tilemap.Editor.csproj", "{610D0B68-7BA8-D82D-4E6E-222BAED8562F}"
EndProject
Project("{FAE04EC0-301F-11D3-BF4B-00C04F79EFBC}") = "Unity.2D.PixelPerfect.Editor", "Unity.2D.PixelPerfect.Editor.csproj", "{C155DED9-E00F-D550-7127-0E045020AEE2}"
EndProject
Project("{FAE04EC0-301F-11D3-BF4B-00C04F79EFBC}") = "Unity.VSCode.Editor", "Unity.VSCode.Editor.csproj", "{A19186D5-389D-2B95-CAFF-00138C8B5259}"
EndProject
Project("{FAE04EC0-301F-11D3-BF4B-00C04F79EFBC}") = "Unity.2D.Common.Editor", "Unity.2D.Common.Editor.csproj", "{EE3752FD-194F-69B6-F2E0-F61675510593}"
EndProject
Project("{FAE04EC0-301F-11D3-BF4B-00C04F79EFBC}") = "Unity.Mathematics.Editor", "Unity.Mathematics.Editor.csproj", "{A892FDF7-6267-79E0-8C1F-935E076DE4EF}"
EndProject
Project("{FAE04EC0-301F-11D3-BF4B-00C04F79EFBC}") = "Unity.InternalAPIEditorBridge.001", "Unity.InternalAPIEditorBridge.001.csproj", "{B996CF82-6620-1152-17F3-4E2657F3FB9C}"
EndProject
Project("{FAE04EC0-301F-11D3-BF4B-00C04F79EFBC}") = "UnityEngine.TestRunner", "UnityEngine.TestRunner.Player.csproj", "{0D445A50-8B54-7CE5-9615-5F13BCE5F65A}"
EndProject
Project("{FAE04EC0-301F-11D3-BF4B-00C04F79EFBC}") = "Unity.Mathematics", "Unity.Mathematics.Player.csproj", "{4CFF2C8C-68F6-BB49-12DF-3BFF660CF993}"
EndProject
Project("{FAE04EC0-301F-11D3-BF4B-00C04F79EFBC}") = "Unity.2D.Animation.Triangle.Runtime", "Unity.2D.Animation.Triangle.Runtime.Player.csproj", "{5D55657D-D655-82C0-8E59-897199D24549}"
EndProject
Project("{FAE04EC0-301F-11D3-BF4B-00C04F79EFBC}") = "Unity.Timeline", "Unity.Timeline.Player.csproj", "{8E8272B2-CB74-DA1F-96D2-E7A96D20316E}"
EndProject
Project("{FAE04EC0-301F-11D3-BF4B-00C04F79EFBC}") = "UnityEngine.UI", "UnityEngine.UI.Player.csproj", "{5D8E6E57-9EC9-64E1-F964-A6C8D60B7D21}"
EndProject
Project("{FAE04EC0-301F-11D3-BF4B-00C04F79EFBC}") = "Unity.TextMeshPro", "Unity.TextMeshPro.Player.csproj", "{E614EF1A-FB54-F002-B2F3-D7C0AD6A32CD}"
EndProject
Project("{FAE04EC0-301F-11D3-BF4B-00C04F79EFBC}") = "Unity.2D.Animation.Runtime", "Unity.2D.Animation.Runtime.Player.csproj", "{AA207D49-5CCE-B5E0-3B8D-AC8F8C748DE3}"
EndProject
Project("{FAE04EC0-301F-11D3-BF4B-00C04F79EFBC}") = "Unity.2D.IK.Runtime", "Unity.2D.IK.Runtime.Player.csproj", "{94ECAD34-3DC3-7850-1322-1CDA8BEA4F7C}"
EndProject
Project("{FAE04EC0-301F-11D3-BF4B-00C04F79EFBC}") = "Unity.2D.SpriteShape.Runtime", "Unity.2D.SpriteShape.Runtime.Player.csproj", "{8888BBB8-1C63-5A8B-5047-82A78CC00A84}"
EndProject
Project("{FAE04EC0-301F-11D3-BF4B-00C04F79EFBC}") = "Assembly-CSharp", "Assembly-CSharp.Player.csproj", "{6F31E579-1DC2-F370-37E9-68430193203C}"
EndProject
Project("{FAE04EC0-301F-11D3-BF4B-00C04F79EFBC}") = "Unity.2D.PixelPerfect", "Unity.2D.PixelPerfect.Player.csproj", "{220D7983-ACB6-7DA8-5587-A53B4703AD3E}"
EndProject
Project("{FAE04EC0-301F-11D3-BF4B-00C04F79EFBC}") = "Unity.2D.Common.Runtime", "Unity.2D.Common.Runtime.Player.csproj", "{4313CE8F-B5B5-E2C9-CAD6-4568541FF4C2}"
EndProject
Project("{FAE04EC0-301F-11D3-BF4B-00C04F79EFBC}") = "Unity.InternalAPIEngineBridge.001", "Unity.InternalAPIEngineBridge.001.Player.csproj", "{16F83541-C8C2-CAD9-C4AC-67661FE8700A}"
EndProject
Global
	GlobalSection(SolutionConfigurationPlatforms) = preSolution
		Debug|Any CPU = Debug|Any CPU
		Release|Any CPU = Release|Any CPU
	EndGlobalSection
	GlobalSection(ProjectConfigurationPlatforms) = postSolution
		{F6423AF2-1849-9736-10EC-94FFB0EFF482}.Debug|Any CPU.ActiveCfg = Debug|Any CPU
		{F6423AF2-1849-9736-10EC-94FFB0EFF482}.Debug|Any CPU.Build.0 = Debug|Any CPU
		{F6423AF2-1849-9736-10EC-94FFB0EFF482}.Release|Any CPU.ActiveCfg = Release|Any CPU
		{F6423AF2-1849-9736-10EC-94FFB0EFF482}.Release|Any CPU.Build.0 = Release|Any CPU
		{C72CECA9-CDF1-48DE-668E-A8C090C183B9}.Debug|Any CPU.ActiveCfg = Debug|Any CPU
		{C72CECA9-CDF1-48DE-668E-A8C090C183B9}.Debug|Any CPU.Build.0 = Debug|Any CPU
		{C72CECA9-CDF1-48DE-668E-A8C090C183B9}.Release|Any CPU.ActiveCfg = Release|Any CPU
		{C72CECA9-CDF1-48DE-668E-A8C090C183B9}.Release|Any CPU.Build.0 = Release|Any CPU
		{40BD2E0F-94F2-0C52-44D8-670D63FFD1A3}.Debug|Any CPU.ActiveCfg = Debug|Any CPU
		{40BD2E0F-94F2-0C52-44D8-670D63FFD1A3}.Debug|Any CPU.Build.0 = Debug|Any CPU
		{40BD2E0F-94F2-0C52-44D8-670D63FFD1A3}.Release|Any CPU.ActiveCfg = Release|Any CPU
		{40BD2E0F-94F2-0C52-44D8-670D63FFD1A3}.Release|Any CPU.Build.0 = Release|Any CPU
		{6D2737B0-F9CF-87BE-7DAE-E45BEACC1CA8}.Debug|Any CPU.ActiveCfg = Debug|Any CPU
		{6D2737B0-F9CF-87BE-7DAE-E45BEACC1CA8}.Debug|Any CPU.Build.0 = Debug|Any CPU
		{6D2737B0-F9CF-87BE-7DAE-E45BEACC1CA8}.Release|Any CPU.ActiveCfg = Release|Any CPU
		{6D2737B0-F9CF-87BE-7DAE-E45BEACC1CA8}.Release|Any CPU.Build.0 = Release|Any CPU
		{AC1C339C-A321-A0F8-1837-ACAC67E21157}.Debug|Any CPU.ActiveCfg = Debug|Any CPU
		{AC1C339C-A321-A0F8-1837-ACAC67E21157}.Debug|Any CPU.Build.0 = Debug|Any CPU
		{AC1C339C-A321-A0F8-1837-ACAC67E21157}.Release|Any CPU.ActiveCfg = Release|Any CPU
		{AC1C339C-A321-A0F8-1837-ACAC67E21157}.Release|Any CPU.Build.0 = Release|Any CPU
		{E8FEB479-F02A-8371-BAD7-35FB43FB0B45}.Debug|Any CPU.ActiveCfg = Debug|Any CPU
		{E8FEB479-F02A-8371-BAD7-35FB43FB0B45}.Debug|Any CPU.Build.0 = Debug|Any CPU
		{E8FEB479-F02A-8371-BAD7-35FB43FB0B45}.Release|Any CPU.ActiveCfg = Release|Any CPU
		{E8FEB479-F02A-8371-BAD7-35FB43FB0B45}.Release|Any CPU.Build.0 = Release|Any CPU
		{273FAD11-9329-FAE5-8C89-1FFC46B71A0E}.Debug|Any CPU.ActiveCfg = Debug|Any CPU
		{273FAD11-9329-FAE5-8C89-1FFC46B71A0E}.Debug|Any CPU.Build.0 = Debug|Any CPU
		{273FAD11-9329-FAE5-8C89-1FFC46B71A0E}.Release|Any CPU.ActiveCfg = Release|Any CPU
		{273FAD11-9329-FAE5-8C89-1FFC46B71A0E}.Release|Any CPU.Build.0 = Release|Any CPU
		{5AB2670E-DAD8-4394-4481-2FBA4AB206D7}.Debug|Any CPU.ActiveCfg = Debug|Any CPU
		{5AB2670E-DAD8-4394-4481-2FBA4AB206D7}.Debug|Any CPU.Build.0 = Debug|Any CPU
		{5AB2670E-DAD8-4394-4481-2FBA4AB206D7}.Release|Any CPU.ActiveCfg = Release|Any CPU
		{5AB2670E-DAD8-4394-4481-2FBA4AB206D7}.Release|Any CPU.Build.0 = Release|Any CPU
		{46F614AD-22F8-56CB-E069-3033169C243E}.Debug|Any CPU.ActiveCfg = Debug|Any CPU
		{46F614AD-22F8-56CB-E069-3033169C243E}.Debug|Any CPU.Build.0 = Debug|Any CPU
		{46F614AD-22F8-56CB-E069-3033169C243E}.Release|Any CPU.ActiveCfg = Release|Any CPU
		{46F614AD-22F8-56CB-E069-3033169C243E}.Release|Any CPU.Build.0 = Release|Any CPU
		{589A4121-9C60-21C3-56BA-5A59F4D9FD0F}.Debug|Any CPU.ActiveCfg = Debug|Any CPU
		{589A4121-9C60-21C3-56BA-5A59F4D9FD0F}.Debug|Any CPU.Build.0 = Debug|Any CPU
		{589A4121-9C60-21C3-56BA-5A59F4D9FD0F}.Release|Any CPU.ActiveCfg = Release|Any CPU
		{589A4121-9C60-21C3-56BA-5A59F4D9FD0F}.Release|Any CPU.Build.0 = Release|Any CPU
		{738814AB-D42E-0175-AEA5-99105CE390E0}.Debug|Any CPU.ActiveCfg = Debug|Any CPU
		{738814AB-D42E-0175-AEA5-99105CE390E0}.Debug|Any CPU.Build.0 = Debug|Any CPU
		{738814AB-D42E-0175-AEA5-99105CE390E0}.Release|Any CPU.ActiveCfg = Release|Any CPU
		{738814AB-D42E-0175-AEA5-99105CE390E0}.Release|Any CPU.Build.0 = Release|Any CPU
		{38D2C730-EF83-E1B7-98D8-71713C8EE634}.Debug|Any CPU.ActiveCfg = Debug|Any CPU
		{38D2C730-EF83-E1B7-98D8-71713C8EE634}.Debug|Any CPU.Build.0 = Debug|Any CPU
		{38D2C730-EF83-E1B7-98D8-71713C8EE634}.Release|Any CPU.ActiveCfg = Release|Any CPU
		{38D2C730-EF83-E1B7-98D8-71713C8EE634}.Release|Any CPU.Build.0 = Release|Any CPU
		{F742D435-DF31-D91E-536D-436D364B8C54}.Debug|Any CPU.ActiveCfg = Debug|Any CPU
		{F742D435-DF31-D91E-536D-436D364B8C54}.Debug|Any CPU.Build.0 = Debug|Any CPU
		{F742D435-DF31-D91E-536D-436D364B8C54}.Release|Any CPU.ActiveCfg = Release|Any CPU
		{F742D435-DF31-D91E-536D-436D364B8C54}.Release|Any CPU.Build.0 = Release|Any CPU
		{178A34CA-F7E0-6C92-0BC3-EF105F6BE0F8}.Debug|Any CPU.ActiveCfg = Debug|Any CPU
		{178A34CA-F7E0-6C92-0BC3-EF105F6BE0F8}.Debug|Any CPU.Build.0 = Debug|Any CPU
		{178A34CA-F7E0-6C92-0BC3-EF105F6BE0F8}.Release|Any CPU.ActiveCfg = Release|Any CPU
		{178A34CA-F7E0-6C92-0BC3-EF105F6BE0F8}.Release|Any CPU.Build.0 = Release|Any CPU
		{E4625AB7-1F1E-95F2-5416-AB354AA45697}.Debug|Any CPU.ActiveCfg = Debug|Any CPU
		{E4625AB7-1F1E-95F2-5416-AB354AA45697}.Debug|Any CPU.Build.0 = Debug|Any CPU
		{E4625AB7-1F1E-95F2-5416-AB354AA45697}.Release|Any CPU.ActiveCfg = Release|Any CPU
		{E4625AB7-1F1E-95F2-5416-AB354AA45697}.Release|Any CPU.Build.0 = Release|Any CPU
		{B2029274-E0E5-410F-D8B0-D198B66E9E43}.Debug|Any CPU.ActiveCfg = Debug|Any CPU
		{B2029274-E0E5-410F-D8B0-D198B66E9E43}.Debug|Any CPU.Build.0 = Debug|Any CPU
		{B2029274-E0E5-410F-D8B0-D198B66E9E43}.Release|Any CPU.ActiveCfg = Release|Any CPU
		{B2029274-E0E5-410F-D8B0-D198B66E9E43}.Release|Any CPU.Build.0 = Release|Any CPU
		{6450E956-027B-6825-BE30-339801087247}.Debug|Any CPU.ActiveCfg = Debug|Any CPU
		{6450E956-027B-6825-BE30-339801087247}.Debug|Any CPU.Build.0 = Debug|Any CPU
		{6450E956-027B-6825-BE30-339801087247}.Release|Any CPU.ActiveCfg = Release|Any CPU
		{6450E956-027B-6825-BE30-339801087247}.Release|Any CPU.Build.0 = Release|Any CPU
		{BE127FC0-36B8-7A92-A45C-988BF4A31760}.Debug|Any CPU.ActiveCfg = Debug|Any CPU
		{BE127FC0-36B8-7A92-A45C-988BF4A31760}.Debug|Any CPU.Build.0 = Debug|Any CPU
		{BE127FC0-36B8-7A92-A45C-988BF4A31760}.Release|Any CPU.ActiveCfg = Release|Any CPU
		{BE127FC0-36B8-7A92-A45C-988BF4A31760}.Release|Any CPU.Build.0 = Release|Any CPU
		{23C2895A-BADE-5C52-478B-0F6C39AC7475}.Debug|Any CPU.ActiveCfg = Debug|Any CPU
		{23C2895A-BADE-5C52-478B-0F6C39AC7475}.Debug|Any CPU.Build.0 = Debug|Any CPU
		{23C2895A-BADE-5C52-478B-0F6C39AC7475}.Release|Any CPU.ActiveCfg = Release|Any CPU
		{23C2895A-BADE-5C52-478B-0F6C39AC7475}.Release|Any CPU.Build.0 = Release|Any CPU
		{80F9E5EA-C874-32CE-ED06-C3C16A2A382C}.Debug|Any CPU.ActiveCfg = Debug|Any CPU
		{80F9E5EA-C874-32CE-ED06-C3C16A2A382C}.Debug|Any CPU.Build.0 = Debug|Any CPU
		{80F9E5EA-C874-32CE-ED06-C3C16A2A382C}.Release|Any CPU.ActiveCfg = Release|Any CPU
		{80F9E5EA-C874-32CE-ED06-C3C16A2A382C}.Release|Any CPU.Build.0 = Release|Any CPU
		{FFE4292D-E577-A1FD-D0FA-39FB6578A1B9}.Debug|Any CPU.ActiveCfg = Debug|Any CPU
		{FFE4292D-E577-A1FD-D0FA-39FB6578A1B9}.Debug|Any CPU.Build.0 = Debug|Any CPU
		{FFE4292D-E577-A1FD-D0FA-39FB6578A1B9}.Release|Any CPU.ActiveCfg = Release|Any CPU
		{FFE4292D-E577-A1FD-D0FA-39FB6578A1B9}.Release|Any CPU.Build.0 = Release|Any CPU
		{37772D6B-8B97-49C7-2595-3CEAE87E8570}.Debug|Any CPU.ActiveCfg = Debug|Any CPU
		{37772D6B-8B97-49C7-2595-3CEAE87E8570}.Debug|Any CPU.Build.0 = Debug|Any CPU
		{37772D6B-8B97-49C7-2595-3CEAE87E8570}.Release|Any CPU.ActiveCfg = Release|Any CPU
		{37772D6B-8B97-49C7-2595-3CEAE87E8570}.Release|Any CPU.Build.0 = Release|Any CPU
		{82B02CB0-BF74-E839-16ED-49671F5F50F5}.Debug|Any CPU.ActiveCfg = Debug|Any CPU
		{82B02CB0-BF74-E839-16ED-49671F5F50F5}.Debug|Any CPU.Build.0 = Debug|Any CPU
		{82B02CB0-BF74-E839-16ED-49671F5F50F5}.Release|Any CPU.ActiveCfg = Release|Any CPU
		{82B02CB0-BF74-E839-16ED-49671F5F50F5}.Release|Any CPU.Build.0 = Release|Any CPU
		{163743EC-9DE5-3B69-4A4A-5FD422213CD7}.Debug|Any CPU.ActiveCfg = Debug|Any CPU
		{163743EC-9DE5-3B69-4A4A-5FD422213CD7}.Debug|Any CPU.Build.0 = Debug|Any CPU
		{163743EC-9DE5-3B69-4A4A-5FD422213CD7}.Release|Any CPU.ActiveCfg = Release|Any CPU
		{163743EC-9DE5-3B69-4A4A-5FD422213CD7}.Release|Any CPU.Build.0 = Release|Any CPU
		{B484D452-C6D2-BC8F-DBCA-20E592E6D4B0}.Debug|Any CPU.ActiveCfg = Debug|Any CPU
		{B484D452-C6D2-BC8F-DBCA-20E592E6D4B0}.Debug|Any CPU.Build.0 = Debug|Any CPU
		{B484D452-C6D2-BC8F-DBCA-20E592E6D4B0}.Release|Any CPU.ActiveCfg = Release|Any CPU
		{B484D452-C6D2-BC8F-DBCA-20E592E6D4B0}.Release|Any CPU.Build.0 = Release|Any CPU
		{141BF456-2457-8E92-9FD8-405AF32F57FB}.Debug|Any CPU.ActiveCfg = Debug|Any CPU
		{141BF456-2457-8E92-9FD8-405AF32F57FB}.Debug|Any CPU.Build.0 = Debug|Any CPU
		{141BF456-2457-8E92-9FD8-405AF32F57FB}.Release|Any CPU.ActiveCfg = Release|Any CPU
		{141BF456-2457-8E92-9FD8-405AF32F57FB}.Release|Any CPU.Build.0 = Release|Any CPU
		{687A6211-3434-E1DD-DF14-FE54EE3B4BE3}.Debug|Any CPU.ActiveCfg = Debug|Any CPU
		{687A6211-3434-E1DD-DF14-FE54EE3B4BE3}.Debug|Any CPU.Build.0 = Debug|Any CPU
		{687A6211-3434-E1DD-DF14-FE54EE3B4BE3}.Release|Any CPU.ActiveCfg = Release|Any CPU
		{687A6211-3434-E1DD-DF14-FE54EE3B4BE3}.Release|Any CPU.Build.0 = Release|Any CPU
		{AE64CB62-AA8D-5CFD-B8CE-D80568358FA9}.Debug|Any CPU.ActiveCfg = Debug|Any CPU
		{AE64CB62-AA8D-5CFD-B8CE-D80568358FA9}.Debug|Any CPU.Build.0 = Debug|Any CPU
		{AE64CB62-AA8D-5CFD-B8CE-D80568358FA9}.Release|Any CPU.ActiveCfg = Release|Any CPU
		{AE64CB62-AA8D-5CFD-B8CE-D80568358FA9}.Release|Any CPU.Build.0 = Release|Any CPU
		{C2FB7CEB-3933-6E76-EB37-907497F7141C}.Debug|Any CPU.ActiveCfg = Debug|Any CPU
		{C2FB7CEB-3933-6E76-EB37-907497F7141C}.Debug|Any CPU.Build.0 = Debug|Any CPU
		{C2FB7CEB-3933-6E76-EB37-907497F7141C}.Release|Any CPU.ActiveCfg = Release|Any CPU
		{C2FB7CEB-3933-6E76-EB37-907497F7141C}.Release|Any CPU.Build.0 = Release|Any CPU
		{610D0B68-7BA8-D82D-4E6E-222BAED8562F}.Debug|Any CPU.ActiveCfg = Debug|Any CPU
		{610D0B68-7BA8-D82D-4E6E-222BAED8562F}.Debug|Any CPU.Build.0 = Debug|Any CPU
		{610D0B68-7BA8-D82D-4E6E-222BAED8562F}.Release|Any CPU.ActiveCfg = Release|Any CPU
		{610D0B68-7BA8-D82D-4E6E-222BAED8562F}.Release|Any CPU.Build.0 = Release|Any CPU
		{C155DED9-E00F-D550-7127-0E045020AEE2}.Debug|Any CPU.ActiveCfg = Debug|Any CPU
		{C155DED9-E00F-D550-7127-0E045020AEE2}.Debug|Any CPU.Build.0 = Debug|Any CPU
		{C155DED9-E00F-D550-7127-0E045020AEE2}.Release|Any CPU.ActiveCfg = Release|Any CPU
		{C155DED9-E00F-D550-7127-0E045020AEE2}.Release|Any CPU.Build.0 = Release|Any CPU
		{A19186D5-389D-2B95-CAFF-00138C8B5259}.Debug|Any CPU.ActiveCfg = Debug|Any CPU
		{A19186D5-389D-2B95-CAFF-00138C8B5259}.Debug|Any CPU.Build.0 = Debug|Any CPU
		{A19186D5-389D-2B95-CAFF-00138C8B5259}.Release|Any CPU.ActiveCfg = Release|Any CPU
		{A19186D5-389D-2B95-CAFF-00138C8B5259}.Release|Any CPU.Build.0 = Release|Any CPU
		{EE3752FD-194F-69B6-F2E0-F61675510593}.Debug|Any CPU.ActiveCfg = Debug|Any CPU
		{EE3752FD-194F-69B6-F2E0-F61675510593}.Debug|Any CPU.Build.0 = Debug|Any CPU
		{EE3752FD-194F-69B6-F2E0-F61675510593}.Release|Any CPU.ActiveCfg = Release|Any CPU
		{EE3752FD-194F-69B6-F2E0-F61675510593}.Release|Any CPU.Build.0 = Release|Any CPU
		{A892FDF7-6267-79E0-8C1F-935E076DE4EF}.Debug|Any CPU.ActiveCfg = Debug|Any CPU
		{A892FDF7-6267-79E0-8C1F-935E076DE4EF}.Debug|Any CPU.Build.0 = Debug|Any CPU
		{A892FDF7-6267-79E0-8C1F-935E076DE4EF}.Release|Any CPU.ActiveCfg = Release|Any CPU
		{A892FDF7-6267-79E0-8C1F-935E076DE4EF}.Release|Any CPU.Build.0 = Release|Any CPU
		{B996CF82-6620-1152-17F3-4E2657F3FB9C}.Debug|Any CPU.ActiveCfg = Debug|Any CPU
		{B996CF82-6620-1152-17F3-4E2657F3FB9C}.Debug|Any CPU.Build.0 = Debug|Any CPU
		{B996CF82-6620-1152-17F3-4E2657F3FB9C}.Release|Any CPU.ActiveCfg = Release|Any CPU
		{B996CF82-6620-1152-17F3-4E2657F3FB9C}.Release|Any CPU.Build.0 = Release|Any CPU
		{0D445A50-8B54-7CE5-9615-5F13BCE5F65A}.Debug|Any CPU.ActiveCfg = Debug|Any CPU
		{0D445A50-8B54-7CE5-9615-5F13BCE5F65A}.Debug|Any CPU.Build.0 = Debug|Any CPU
		{0D445A50-8B54-7CE5-9615-5F13BCE5F65A}.Release|Any CPU.ActiveCfg = Release|Any CPU
		{0D445A50-8B54-7CE5-9615-5F13BCE5F65A}.Release|Any CPU.Build.0 = Release|Any CPU
		{4CFF2C8C-68F6-BB49-12DF-3BFF660CF993}.Debug|Any CPU.ActiveCfg = Debug|Any CPU
		{4CFF2C8C-68F6-BB49-12DF-3BFF660CF993}.Debug|Any CPU.Build.0 = Debug|Any CPU
		{4CFF2C8C-68F6-BB49-12DF-3BFF660CF993}.Release|Any CPU.ActiveCfg = Release|Any CPU
		{4CFF2C8C-68F6-BB49-12DF-3BFF660CF993}.Release|Any CPU.Build.0 = Release|Any CPU
		{5D55657D-D655-82C0-8E59-897199D24549}.Debug|Any CPU.ActiveCfg = Debug|Any CPU
		{5D55657D-D655-82C0-8E59-897199D24549}.Debug|Any CPU.Build.0 = Debug|Any CPU
		{5D55657D-D655-82C0-8E59-897199D24549}.Release|Any CPU.ActiveCfg = Release|Any CPU
		{5D55657D-D655-82C0-8E59-897199D24549}.Release|Any CPU.Build.0 = Release|Any CPU
		{8E8272B2-CB74-DA1F-96D2-E7A96D20316E}.Debug|Any CPU.ActiveCfg = Debug|Any CPU
		{8E8272B2-CB74-DA1F-96D2-E7A96D20316E}.Debug|Any CPU.Build.0 = Debug|Any CPU
		{8E8272B2-CB74-DA1F-96D2-E7A96D20316E}.Release|Any CPU.ActiveCfg = Release|Any CPU
		{8E8272B2-CB74-DA1F-96D2-E7A96D20316E}.Release|Any CPU.Build.0 = Release|Any CPU
		{5D8E6E57-9EC9-64E1-F964-A6C8D60B7D21}.Debug|Any CPU.ActiveCfg = Debug|Any CPU
		{5D8E6E57-9EC9-64E1-F964-A6C8D60B7D21}.Debug|Any CPU.Build.0 = Debug|Any CPU
		{5D8E6E57-9EC9-64E1-F964-A6C8D60B7D21}.Release|Any CPU.ActiveCfg = Release|Any CPU
		{5D8E6E57-9EC9-64E1-F964-A6C8D60B7D21}.Release|Any CPU.Build.0 = Release|Any CPU
		{E614EF1A-FB54-F002-B2F3-D7C0AD6A32CD}.Debug|Any CPU.ActiveCfg = Debug|Any CPU
		{E614EF1A-FB54-F002-B2F3-D7C0AD6A32CD}.Debug|Any CPU.Build.0 = Debug|Any CPU
		{E614EF1A-FB54-F002-B2F3-D7C0AD6A32CD}.Release|Any CPU.ActiveCfg = Release|Any CPU
		{E614EF1A-FB54-F002-B2F3-D7C0AD6A32CD}.Release|Any CPU.Build.0 = Release|Any CPU
		{AA207D49-5CCE-B5E0-3B8D-AC8F8C748DE3}.Debug|Any CPU.ActiveCfg = Debug|Any CPU
		{AA207D49-5CCE-B5E0-3B8D-AC8F8C748DE3}.Debug|Any CPU.Build.0 = Debug|Any CPU
		{AA207D49-5CCE-B5E0-3B8D-AC8F8C748DE3}.Release|Any CPU.ActiveCfg = Release|Any CPU
		{AA207D49-5CCE-B5E0-3B8D-AC8F8C748DE3}.Release|Any CPU.Build.0 = Release|Any CPU
		{94ECAD34-3DC3-7850-1322-1CDA8BEA4F7C}.Debug|Any CPU.ActiveCfg = Debug|Any CPU
		{94ECAD34-3DC3-7850-1322-1CDA8BEA4F7C}.Debug|Any CPU.Build.0 = Debug|Any CPU
		{94ECAD34-3DC3-7850-1322-1CDA8BEA4F7C}.Release|Any CPU.ActiveCfg = Release|Any CPU
		{94ECAD34-3DC3-7850-1322-1CDA8BEA4F7C}.Release|Any CPU.Build.0 = Release|Any CPU
		{8888BBB8-1C63-5A8B-5047-82A78CC00A84}.Debug|Any CPU.ActiveCfg = Debug|Any CPU
		{8888BBB8-1C63-5A8B-5047-82A78CC00A84}.Debug|Any CPU.Build.0 = Debug|Any CPU
		{8888BBB8-1C63-5A8B-5047-82A78CC00A84}.Release|Any CPU.ActiveCfg = Release|Any CPU
		{8888BBB8-1C63-5A8B-5047-82A78CC00A84}.Release|Any CPU.Build.0 = Release|Any CPU
		{6F31E579-1DC2-F370-37E9-68430193203C}.Debug|Any CPU.ActiveCfg = Debug|Any CPU
		{6F31E579-1DC2-F370-37E9-68430193203C}.Debug|Any CPU.Build.0 = Debug|Any CPU
		{6F31E579-1DC2-F370-37E9-68430193203C}.Release|Any CPU.ActiveCfg = Release|Any CPU
		{6F31E579-1DC2-F370-37E9-68430193203C}.Release|Any CPU.Build.0 = Release|Any CPU
		{220D7983-ACB6-7DA8-5587-A53B4703AD3E}.Debug|Any CPU.ActiveCfg = Debug|Any CPU
		{220D7983-ACB6-7DA8-5587-A53B4703AD3E}.Debug|Any CPU.Build.0 = Debug|Any CPU
		{220D7983-ACB6-7DA8-5587-A53B4703AD3E}.Release|Any CPU.ActiveCfg = Release|Any CPU
		{220D7983-ACB6-7DA8-5587-A53B4703AD3E}.Release|Any CPU.Build.0 = Release|Any CPU
		{4313CE8F-B5B5-E2C9-CAD6-4568541FF4C2}.Debug|Any CPU.ActiveCfg = Debug|Any CPU
		{4313CE8F-B5B5-E2C9-CAD6-4568541FF4C2}.Debug|Any CPU.Build.0 = Debug|Any CPU
		{4313CE8F-B5B5-E2C9-CAD6-4568541FF4C2}.Release|Any CPU.ActiveCfg = Release|Any CPU
		{4313CE8F-B5B5-E2C9-CAD6-4568541FF4C2}.Release|Any CPU.Build.0 = Release|Any CPU
		{16F83541-C8C2-CAD9-C4AC-67661FE8700A}.Debug|Any CPU.ActiveCfg = Debug|Any CPU
		{16F83541-C8C2-CAD9-C4AC-67661FE8700A}.Debug|Any CPU.Build.0 = Debug|Any CPU
		{16F83541-C8C2-CAD9-C4AC-67661FE8700A}.Release|Any CPU.ActiveCfg = Release|Any CPU
		{16F83541-C8C2-CAD9-C4AC-67661FE8700A}.Release|Any CPU.Build.0 = Release|Any CPU
	EndGlobalSection
	GlobalSection(SolutionProperties) = preSolution
		HideSolutionNode = FALSE
	EndGlobalSection
EndGlobal
